
Microsoft Visual Studio Solution File, Format Version 12.00
# Visual Studio Version 17
VisualStudioVersion = 17.13.35825.156
MinimumVisualStudioVersion = 10.0.40219.1
Project("{FAE04EC0-301F-11D3-BF4B-00C04F79EFBC}") = "IdentityServer", "IdentityServer\IdentityServer.csproj", "{CBAEA79E-12F0-4E35-8E38-D4D8995FC070}"
EndProject
Global
	GlobalSection(SolutionConfigurationPlatforms) = preSolution
		Debug|Any CPU = Debug|Any CPU
		Release|Any CPU = Release|Any CPU
	EndGlobalSection
	GlobalSection(ProjectConfigurationPlatforms) = postSolution
		{CBAEA79E-12F0-4E35-8E38-D4D8995FC070}.Debug|Any CPU.ActiveCfg = Debug|Any CPU
		{CBAEA79E-12F0-4E35-8E38-D4D8995FC070}.Debug|Any CPU.Build.0 = Debug|Any CPU
		{CBAEA79E-12F0-4E35-8E38-D4D8995FC070}.Release|Any CPU.ActiveCfg = Release|Any CPU
		{CBAEA79E-12F0-4E35-8E38-D4D8995FC070}.Release|Any CPU.Build.0 = Release|Any CPU
	EndGlobalSection
	GlobalSection(SolutionProperties) = preSolution
		HideSolutionNode = FALSE
	EndGlobalSection
	GlobalSection(ExtensibilityGlobals) = postSolution
		SolutionGuid = {7B993D9A-BDB8-418E-86E9-42583B0C7116}
	EndGlobalSection
EndGlobal
